// !$*UTF8*$!
{
	archiveVersion = 1;
	classes = {
	};
	objectVersion = 50;
	objects = {

/* Begin PBXBuildFile section */
		AFB6631824D56899003AF586 /* ChatUIApp.swift in Sources */ = {isa = PBXBuildFile; fileRef = AFB6631724D56899003AF586 /* ChatUIApp.swift */; };
		AFB6631C24D5689A003AF586 /* Assets.xcassets in Resources */ = {isa = PBXBuildFile; fileRef = AFB6631B24D5689A003AF586 /* Assets.xcassets */; };
		AFB6631F24D5689A003AF586 /* Preview Assets.xcassets in Resources */ = {isa = PBXBuildFile; fileRef = AFB6631E24D5689A003AF586 /* Preview Assets.xcassets */; };
		AFB6632724D568B5003AF586 /* ChatUI.swift in Sources */ = {isa = PBXBuildFile; fileRef = AFB6632624D568B5003AF586 /* ChatUI.swift */; };
		AFB6632924D568D1003AF586 /* ChatBubble.swift in Sources */ = {isa = PBXBuildFile; fileRef = AFB6632824D568D1003AF586 /* ChatBubble.swift */; };
		AFB6632B24D56911003AF586 /* PhotoPicker.swift in Sources */ = {isa = PBXBuildFile; fileRef = AFB6632A24D56911003AF586 /* PhotoPicker.swift */; };
		AFB6632D24D56F85003AF586 /* KeyboardResponder.swift in Sources */ = {isa = PBXBuildFile; fileRef = AFB6632C24D56F85003AF586 /* KeyboardResponder.swift */; };
/* End PBXBuildFile section */

/* Begin PBXFileReference section */
		AFB6631424D56899003AF586 /* ChatUI.app */ = {isa = PBXFileReference; explicitFileType = wrapper.application; includeInIndex = 0; path = ChatUI.app; sourceTree = BUILT_PRODUCTS_DIR; };
		AFB6631724D56899003AF586 /* ChatUIApp.swift */ = {isa = PBXFileReference; lastKnownFileType = sourcecode.swift; path = ChatUIApp.swift; sourceTree = "<group>"; };
		AFB6631B24D5689A003AF586 /* Assets.xcassets */ = {isa = PBXFileReference; lastKnownFileType = folder.assetcatalog; path = Assets.xcassets; sourceTree = "<group>"; };
		AFB6631E24D5689A003AF586 /* Preview Assets.xcassets */ = {isa = PBXFileReference; lastKnownFileType = folder.assetcatalog; path = "Preview Assets.xcassets"; sourceTree = "<group>"; };
		AFB6632024D5689A003AF586 /* Info.plist */ = {isa = PBXFileReference; lastKnownFileType = text.plist.xml; path = Info.plist; sourceTree = "<group>"; };
		AFB6632624D568B5003AF586 /* ChatUI.swift */ = {isa = PBXFileReference; lastKnownFileType = sourcecode.swift; path = ChatUI.swift; sourceTree = "<group>"; };
		AFB6632824D568D1003AF586 /* ChatBubble.swift */ = {isa = PBXFileReference; lastKnownFileType = sourcecode.swift; path = ChatBubble.swift; sourceTree = "<group>"; };
		AFB6632A24D56911003AF586 /* PhotoPicker.swift */ = {isa = PBXFileReference; lastKnownFileType = sourcecode.swift; path = PhotoPicker.swift; sourceTree = "<group>"; };
		AFB6632C24D56F85003AF586 /* KeyboardResponder.swift */ = {isa = PBXFileReference; lastKnownFileType = sourcecode.swift; path = KeyboardResponder.swift; sourceTree = "<group>"; };
/* End PBXFileReference section */

/* Begin PBXFrameworksBuildPhase section */
		AFB6631124D56899003AF586 /* Frameworks */ = {
			isa = PBXFrameworksBuildPhase;
			buildActionMask = 2147483647;
			files = (
			);
			runOnlyForDeploymentPostprocessing = 0;
		};
/* End PBXFrameworksBuildPhase section */

/* Begin PBXGroup section */
		AFB6630B24D56898003AF586 = {
			isa = PBXGroup;
			children = (
				AFB6631624D56899003AF586 /* ChatUI */,
				AFB6631524D56899003AF586 /* Products */,
			);
			sourceTree = "<group>";
		};
		AFB6631524D56899003AF586 /* Products */ = {
			isa = PBXGroup;
			children = (
				AFB6631424D56899003AF586 /* ChatUI.app */,
			);
			name = Products;
			sourceTree = "<group>";
		};
		AFB6631624D56899003AF586 /* ChatUI */ = {
			isa = PBXGroup;
			children = (
				AFB6631724D56899003AF586 /* ChatUIApp.swift */,
				AFB6632624D568B5003AF586 /* ChatUI.swift */,
				AFB6632C24D56F85003AF586 /* KeyboardResponder.swift */,
				AFB6632824D568D1003AF586 /* ChatBubble.swift */,
				AFB6632A24D56911003AF586 /* PhotoPicker.swift */,
				AFB6631B24D5689A003AF586 /* Assets.xcassets */,
				AFB6632024D5689A003AF586 /* Info.plist */,
				AFB6631D24D5689A003AF586 /* Preview Content */,
			);
			path = ChatUI;
			sourceTree = "<group>";
		};
		AFB6631D24D5689A003AF586 /* Preview Content */ = {
			isa = PBXGroup;
			children = (
				AFB6631E24D5689A003AF586 /* Preview Assets.xcassets */,
			);
			path = "Preview Content";
			sourceTree = "<group>";
		};
/* End PBXGroup section */

/* Begin PBXNativeTarget section */
		AFB6631324D56899003AF586 /* ChatUI */ = {
			isa = PBXNativeTarget;
			buildConfigurationList = AFB6632324D5689A003AF586 /* Build configuration list for PBXNativeTarget "ChatUI" */;
			buildPhases = (
				AFB6631024D56899003AF586 /* Sources */,
				AFB6631124D56899003AF586 /* Frameworks */,
				AFB6631224D56899003AF586 /* Resources */,
			);
			buildRules = (
			);
			dependencies = (
			);
			name = ChatUI;
			productName = ChatUI;
			productReference = AFB6631424D56899003AF586 /* ChatUI.app */;
			productType = "com.apple.product-type.application";
		};
/* End PBXNativeTarget section */

/* Begin PBXProject section */
		AFB6630C24D56898003AF586 /* Project object */ = {
			isa = PBXProject;
			attributes = {
				LastSwiftUpdateCheck = 1200;
				LastUpgradeCheck = 1200;
				TargetAttributes = {
					AFB6631324D56899003AF586 = {
						CreatedOnToolsVersion = 12.0;
					};
				};
			};
			buildConfigurationList = AFB6630F24D56899003AF586 /* Build configuration list for PBXProject "ChatUI" */;
			compatibilityVersion = "Xcode 9.3";
			developmentRegion = en;
			hasScannedForEncodings = 0;
			knownRegions = (
				en,
				Base,
			);
			mainGroup = AFB6630B24D56898003AF586;
			productRefGroup = AFB6631524D56899003AF586 /* Products */;
			projectDirPath = "";
			projectRoot = "";
			targets = (
				AFB6631324D56899003AF586 /* ChatUI */,
			);
		};
/* End PBXProject section */

/* Begin PBXResourcesBuildPhase section */
		AFB6631224D56899003AF586 /* Resources */ = {
			isa = PBXResourcesBuildPhase;
			buildActionMask = 2147483647;
			files = (
				AFB6631F24D5689A003AF586 /* Preview Assets.xcassets in Resources */,
				AFB6631C24D5689A003AF586 /* Assets.xcassets in Resources */,
			);
			runOnlyForDeploymentPostprocessing = 0;
		};
/* End PBXResourcesBuildPhase section */

/* Begin PBXSourcesBuildPhase section */
		AFB6631024D56899003AF586 /* Sources */ = {
			isa = PBXSourcesBuildPhase;
			buildActionMask = 2147483647;
			files = (
				AFB6632724D568B5003AF586 /* ChatUI.swift in Sources */,
				AFB6631824D56899003AF586 /* ChatUIApp.swift in Sources */,
				AFB6632B24D56911003AF586 /* PhotoPicker.swift in Sources */,
				AFB6632D24D56F85003AF586 /* KeyboardResponder.swift in Sources */,
				AFB6632924D568D1003AF586 /* ChatBubble.swift in Sources */,
			);
			runOnlyForDeploymentPostprocessing = 0;
		};
/* End PBXSourcesBuildPhase section */

/* Begin XCBuildConfiguration section */
		AFB6632124D5689A003AF586 /* Debug */ = {
			isa = XCBuildConfiguration;
			buildSettings = {
				ALWAYS_SEARCH_USER_PATHS = NO;
				CLANG_ANALYZER_NONNULL = YES;
				CLANG_ANALYZER_NUMBER_OBJECT_CONVERSION = YES_AGGRESSIVE;
				CLANG_CXX_LANGUAGE_STANDARD = "gnu++14";
				CLANG_CXX_LIBRARY = "libc++";
				CLANG_ENABLE_MODULES = YES;
				CLANG_ENABLE_OBJC_ARC = YES;
				CLANG_ENABLE_OBJC_WEAK = YES;
				CLANG_WARN_BLOCK_CAPTURE_AUTORELEASING = YES;
				CLANG_WARN_BOOL_CONVERSION = YES;
				CLANG_WARN_COMMA = YES;
				CLANG_WARN_CONSTANT_CONVERSION = YES;
				CLANG_WARN_DEPRECATED_OBJC_IMPLEMENTATIONS = YES;
				CLANG_WARN_DIRECT_OBJC_ISA_USAGE = YES_ERROR;
				CLANG_WARN_DOCUMENTATION_COMMENTS = YES;
				CLANG_WARN_EMPTY_BODY = YES;
				CLANG_WARN_ENUM_CONVERSION = YES;
				CLANG_WARN_INFINITE_RECURSION = YES;
				CLANG_WARN_INT_CONVERSION = YES;
				CLANG_WARN_NON_LITERAL_NULL_CONVERSION = YES;
				CLANG_WARN_OBJC_IMPLICIT_RETAIN_SELF = YES;
				CLANG_WARN_OBJC_LITERAL_CONVERSION = YES;
				CLANG_WARN_OBJC_ROOT_CLASS = YES_ERROR;
				CLANG_WARN_QUOTED_INCLUDE_IN_FRAMEWORK_HEADER = YES;
				CLANG_WARN_RANGE_LOOP_ANALYSIS = YES;
				CLANG_WARN_STRICT_PROTOTYPES = YES;
				CLANG_WARN_SUSPICIOUS_MOVE = YES;
				CLANG_WARN_UNGUARDED_AVAILABILITY = YES_AGGRESSIVE;
				CLANG_WARN_UNREACHABLE_CODE = YES;
				CLANG_WARN__DUPLICATE_METHOD_MATCH = YES;
				COPY_PHASE_STRIP = NO;
				DEBUG_INFORMATION_FORMAT = dwarf;
				ENABLE_STRICT_OBJC_MSGSEND = YES;
				ENABLE_TESTABILITY = YES;
				GCC_C_LANGUAGE_STANDARD = gnu11;
				GCC_DYNAMIC_NO_PIC = NO;
				GCC_NO_COMMON_BLOCKS = YES;
				GCC_OPTIMIZATION_LEVEL = 0;
				GCC_PREPROCESSOR_DEFINITIONS = (
					"DEBUG=1",
					"$(inherited)",
				);
				GCC_WARN_64_TO_32_BIT_CONVERSION = YES;
				GCC_WARN_ABOUT_RETURN_TYPE = YES_ERROR;
				GCC_WARN_UNDECLARED_SELECTOR = YES;
				GCC_WARN_UNINITIALIZED_AUTOS = YES_AGGRESSIVE;
				GCC_WARN_UNUSED_FUNCTION = YES;
				GCC_WARN_UNUSED_VARIABLE = YES;
				IPHONEOS_DEPLOYMENT_TARGET = 14.0;
				MTL_ENABLE_DEBUG_INFO = INCLUDE_SOURCE;
				MTL_FAST_MATH = YES;
				ONLY_ACTIVE_ARCH = YES;
				SDKROOT = iphoneos;
				SWIFT_ACTIVE_COMPILATION_CONDITIONS = DEBUG;
				SWIFT_OPTIMIZATION_LEVEL = "-Onone";
			};
			name = Debug;
		};
		AFB6632224D5689A003AF586 /* Release */ = {
			isa = XCBuildConfiguration;
			buildSettings = {
				ALWAYS_SEARCH_USER_PATHS = NO;
				CLANG_ANALYZER_NONNULL = YES;
				CLANG_ANALYZER_NUMBER_OBJECT_CONVERSION = YES_AGGRESSIVE;
				CLANG_CXX_LANGUAGE_STANDARD = "gnu++14";
				CLANG_CXX_LIBRARY = "libc++";
				CLANG_ENABLE_MODULES = YES;
				CLANG_ENABLE_OBJC_ARC = YES;
				CLANG_ENABLE_OBJC_WEAK = YES;
				CLANG_WARN_BLOCK_CAPTURE_AUTORELEASING = YES;
				CLANG_WARN_BOOL_CONVERSION = YES;
				CLANG_WARN_COMMA = YES;
				CLANG_WARN_CONSTANT_CONVERSION = YES;
				CLANG_WARN_DEPRECATED_OBJC_IMPLEMENTATIONS = YES;
				CLANG_WARN_DIRECT_OBJC_ISA_USAGE = YES_ERROR;
				CLANG_WARN_DOCUMENTATION_COMMENTS = YES;
				CLANG_WARN_EMPTY_BODY = YES;
				CLANG_WARN_ENUM_CONVERSION = YES;
				CLANG_WARN_INFINITE_RECURSION = YES;
				CLANG_WARN_INT_CONVERSION = YES;
				CLANG_WARN_NON_LITERAL_NULL_CONVERSION = YES;
				CLANG_WARN_OBJC_IMPLICIT_RETAIN_SELF = YES;
				CLANG_WARN_OBJC_LITERAL_CONVERSION = YES;
				CLANG_WARN_OBJC_ROOT_CLASS = YES_ERROR;
				CLANG_WARN_QUOTED_INCLUDE_IN_FRAMEWORK_HEADER = YES;
				CLANG_WARN_RANGE_LOOP_ANALYSIS = YES;
				CLANG_WARN_STRICT_PROTOTYPES = YES;
				CLANG_WARN_SUSPICIOUS_MOVE = YES;
				CLANG_WARN_UNGUARDED_AVAILABILITY = YES_AGGRESSIVE;
				CLANG_WARN_UNREACHABLE_CODE = YES;
				CLANG_WARN__DUPLICATE_METHOD_MATCH = YES;
				COPY_PHASE_STRIP = NO;
				DEBUG_INFORMATION_FORMAT = "dwarf-with-dsym";
				ENABLE_NS_ASSERTIONS = NO;
				ENABLE_STRICT_OBJC_MSGSEND = YES;
				GCC_C_LANGUAGE_STANDARD = gnu11;
				GCC_NO_COMMON_BLOCKS = YES;
				GCC_WARN_64_TO_32_BIT_CONVERSION = YES;
				GCC_WARN_ABOUT_RETURN_TYPE = YES_ERROR;
				GCC_WARN_UNDECLARED_SELECTOR = YES;
				GCC_WARN_UNINITIALIZED_AUTOS = YES_AGGRESSIVE;
				GCC_WARN_UNUSED_FUNCTION = YES;
				GCC_WARN_UNUSED_VARIABLE = YES;
				IPHONEOS_DEPLOYMENT_TARGET = 14.0;
				MTL_ENABLE_DEBUG_INFO = NO;
				MTL_FAST_MATH = YES;
				SDKROOT = iphoneos;
				SWIFT_COMPILATION_MODE = wholemodule;
				SWIFT_OPTIMIZATION_LEVEL = "-O";
				VALIDATE_PRODUCT = YES;
			};
			name = Release;
		};
		AFB6632424D5689A003AF586 /* Debug */ = {
			isa = XCBuildConfiguration;
			buildSettings = {
				ASSETCATALOG_COMPILER_APPICON_NAME = AppIcon;
				ASSETCATALOG_COMPILER_GLOBAL_ACCENT_COLOR_NAME = AccentColor;
				CODE_SIGN_STYLE = Automatic;
				DEVELOPMENT_ASSET_PATHS = "\"ChatUI/Preview Content\"";
				ENABLE_PREVIEWS = YES;
				INFOPLIST_FILE = ChatUI/Info.plist;
				IPHONEOS_DEPLOYMENT_TARGET = 14.0;
				LD_RUNPATH_SEARCH_PATHS = (
					"$(inherited)",
					"@executable_path/Frameworks",
				);
				PRODUCT_BUNDLE_IDENTIFIER = Demo.ChatUI;
				PRODUCT_NAME = "$(TARGET_NAME)";
				SWIFT_VERSION = 5.0;
				TARGETED_DEVICE_FAMILY = "1,2";
			};
			name = Debug;
		};
		AFB6632524D5689A003AF586 /* Release */ = {
			isa = XCBuildConfiguration;
			buildSettings = {
				ASSETCATALOG_COMPILER_APPICON_NAME = AppIcon;
				ASSETCATALOG_COMPILER_GLOBAL_ACCENT_COLOR_NAME = AccentColor;
				CODE_SIGN_STYLE = Automatic;
				DEVELOPMENT_ASSET_PATHS = "\"ChatUI/Preview Content\"";
				ENABLE_PREVIEWS = YES;
				INFOPLIST_FILE = ChatUI/Info.plist;
				IPHONEOS_DEPLOYMENT_TARGET = 14.0;
				LD_RUNPATH_SEARCH_PATHS = (
					"$(inherited)",
					"@executable_path/Frameworks",
				);
				PRODUCT_BUNDLE_IDENTIFIER = Demo.ChatUI;
				PRODUCT_NAME = "$(TARGET_NAME)";
				SWIFT_VERSION = 5.0;
				TARGETED_DEVICE_FAMILY = "1,2";
			};
			name = Release;
		};
/* End XCBuildConfiguration section */

/* Begin XCConfigurationList section */
		AFB6630F24D56899003AF586 /* Build configuration list for PBXProject "ChatUI" */ = {
			isa = XCConfigurationList;
			buildConfigurations = (
				AFB6632124D5689A003AF586 /* Debug */,
				AFB6632224D5689A003AF586 /* Release */,
			);
			defaultConfigurationIsVisible = 0;
			defaultConfigurationName = Release;
		};
		AFB6632324D5689A003AF586 /* Build configuration list for PBXNativeTarget "ChatUI" */ = {
			isa = XCConfigurationList;
			buildConfigurations = (
				AFB6632424D5689A003AF586 /* Debug */,
				AFB6632524D5689A003AF586 /* Release */,
			);
			defaultConfigurationIsVisible = 0;
			defaultConfigurationName = Release;
		};
/* End XCConfigurationList section */
	};
	rootObject = AFB6630C24D56898003AF586 /* Project object */;
}
